
Microsoft Visual Studio Solution File, Format Version 12.00
# Visual Studio 15
VisualStudioVersion = 15.0.28307.438
MinimumVisualStudioVersion = 10.0.40219.1
Project("{FAE04EC0-301F-11D3-BF4B-00C04F79EFBC}") = "Lab.Android", "Lab\Lab.Android\Lab.Android.csproj", "{49F85F5D-2B74-4C58-9262-59C17836A0D5}"
EndProject
Project("{FAE04EC0-301F-11D3-BF4B-00C04F79EFBC}") = "Lab.iOS", "Lab\Lab.iOS\Lab.iOS.csproj", "{2E844535-201F-4BD9-B839-AA953E7CF05D}"
EndProject
Project("{FAE04EC0-301F-11D3-BF4B-00C04F79EFBC}") = "Lab.UWP", "Lab\Lab.UWP\Lab.UWP.csproj", "{CA75AFB5-59CD-4E83-AF60-614ECE2654DC}"
EndProject
Project("{FAE04EC0-301F-11D3-BF4B-00C04F79EFBC}") = "Lab", "Lab\Lab\Lab.csproj", "{7595751A-7D2F-4412-82FE-B5A2458F0F21}"
EndProject
Global
	GlobalSection(SolutionConfigurationPlatforms) = preSolution
		Ad-Hoc|Any CPU = Ad-Hoc|Any CPU
		Ad-Hoc|ARM = Ad-Hoc|ARM
		Ad-Hoc|iPhone = Ad-Hoc|iPhone
		Ad-Hoc|iPhoneSimulator = Ad-Hoc|iPhoneSimulator
		Ad-Hoc|x64 = Ad-Hoc|x64
		Ad-Hoc|x86 = Ad-Hoc|x86
		AppStore|Any CPU = AppStore|Any CPU
		AppStore|ARM = AppStore|ARM
		AppStore|iPhone = AppStore|iPhone
		AppStore|iPhoneSimulator = AppStore|iPhoneSimulator
		AppStore|x64 = AppStore|x64
		AppStore|x86 = AppStore|x86
		Debug|Any CPU = Debug|Any CPU
		Debug|ARM = Debug|ARM
		Debug|iPhone = Debug|iPhone
		Debug|iPhoneSimulator = Debug|iPhoneSimulator
		Debug|x64 = Debug|x64
		Debug|x86 = Debug|x86
		Release|Any CPU = Release|Any CPU
		Release|ARM = Release|ARM
		Release|iPhone = Release|iPhone
		Release|iPhoneSimulator = Release|iPhoneSimulator
		Release|x64 = Release|x64
		Release|x86 = Release|x86
	EndGlobalSection
	GlobalSection(ProjectConfigurationPlatforms) = postSolution
		{49F85F5D-2B74-4C58-9262-59C17836A0D5}.Ad-Hoc|Any CPU.ActiveCfg = Release|Any CPU
		{49F85F5D-2B74-4C58-9262-59C17836A0D5}.Ad-Hoc|Any CPU.Build.0 = Release|Any CPU
		{49F85F5D-2B74-4C58-9262-59C17836A0D5}.Ad-Hoc|Any CPU.Deploy.0 = Release|Any CPU
		{49F85F5D-2B74-4C58-9262-59C17836A0D5}.Ad-Hoc|ARM.ActiveCfg = Release|Any CPU
		{49F85F5D-2B74-4C58-9262-59C17836A0D5}.Ad-Hoc|ARM.Build.0 = Release|Any CPU
		{49F85F5D-2B74-4C58-9262-59C17836A0D5}.Ad-Hoc|ARM.Deploy.0 = Release|Any CPU
		{49F85F5D-2B74-4C58-9262-59C17836A0D5}.Ad-Hoc|iPhone.ActiveCfg = Release|Any CPU
		{49F85F5D-2B74-4C58-9262-59C17836A0D5}.Ad-Hoc|iPhone.Build.0 = Release|Any CPU
		{49F85F5D-2B74-4C58-9262-59C17836A0D5}.Ad-Hoc|iPhone.Deploy.0 = Release|Any CPU
		{49F85F5D-2B74-4C58-9262-59C17836A0D5}.Ad-Hoc|iPhoneSimulator.ActiveCfg = Release|Any CPU
		{49F85F5D-2B74-4C58-9262-59C17836A0D5}.Ad-Hoc|iPhoneSimulator.Build.0 = Release|Any CPU
		{49F85F5D-2B74-4C58-9262-59C17836A0D5}.Ad-Hoc|iPhoneSimulator.Deploy.0 = Release|Any CPU
		{49F85F5D-2B74-4C58-9262-59C17836A0D5}.Ad-Hoc|x64.ActiveCfg = Release|Any CPU
		{49F85F5D-2B74-4C58-9262-59C17836A0D5}.Ad-Hoc|x64.Build.0 = Release|Any CPU
		{49F85F5D-2B74-4C58-9262-59C17836A0D5}.Ad-Hoc|x64.Deploy.0 = Release|Any CPU
		{49F85F5D-2B74-4C58-9262-59C17836A0D5}.Ad-Hoc|x86.ActiveCfg = Release|Any CPU
		{49F85F5D-2B74-4C58-9262-59C17836A0D5}.Ad-Hoc|x86.Build.0 = Release|Any CPU
		{49F85F5D-2B74-4C58-9262-59C17836A0D5}.Ad-Hoc|x86.Deploy.0 = Release|Any CPU
		{49F85F5D-2B74-4C58-9262-59C17836A0D5}.AppStore|Any CPU.ActiveCfg = Release|Any CPU
		{49F85F5D-2B74-4C58-9262-59C17836A0D5}.AppStore|Any CPU.Build.0 = Release|Any CPU
		{49F85F5D-2B74-4C58-9262-59C17836A0D5}.AppStore|Any CPU.Deploy.0 = Release|Any CPU
		{49F85F5D-2B74-4C58-9262-59C17836A0D5}.AppStore|ARM.ActiveCfg = Release|Any CPU
		{49F85F5D-2B74-4C58-9262-59C17836A0D5}.AppStore|ARM.Build.0 = Release|Any CPU
		{49F85F5D-2B74-4C58-9262-59C17836A0D5}.AppStore|ARM.Deploy.0 = Release|Any CPU
		{49F85F5D-2B74-4C58-9262-59C17836A0D5}.AppStore|iPhone.ActiveCfg = Release|Any CPU
		{49F85F5D-2B74-4C58-9262-59C17836A0D5}.AppStore|iPhone.Build.0 = Release|Any CPU
		{49F85F5D-2B74-4C58-9262-59C17836A0D5}.AppStore|iPhone.Deploy.0 = Release|Any CPU
		{49F85F5D-2B74-4C58-9262-59C17836A0D5}.AppStore|iPhoneSimulator.ActiveCfg = Release|Any CPU
		{49F85F5D-2B74-4C58-9262-59C17836A0D5}.AppStore|iPhoneSimulator.Build.0 = Release|Any CPU
		{49F85F5D-2B74-4C58-9262-59C17836A0D5}.AppStore|iPhoneSimulator.Deploy.0 = Release|Any CPU
		{49F85F5D-2B74-4C58-9262-59C17836A0D5}.AppStore|x64.ActiveCfg = Release|Any CPU
		{49F85F5D-2B74-4C58-9262-59C17836A0D5}.AppStore|x64.Build.0 = Release|Any CPU
		{49F85F5D-2B74-4C58-9262-59C17836A0D5}.AppStore|x64.Deploy.0 = Release|Any CPU
		{49F85F5D-2B74-4C58-9262-59C17836A0D5}.AppStore|x86.ActiveCfg = Release|Any CPU
		{49F85F5D-2B74-4C58-9262-59C17836A0D5}.AppStore|x86.Build.0 = Release|Any CPU
		{49F85F5D-2B74-4C58-9262-59C17836A0D5}.AppStore|x86.Deploy.0 = Release|Any CPU
		{49F85F5D-2B74-4C58-9262-59C17836A0D5}.Debug|Any CPU.ActiveCfg = Debug|Any CPU
		{49F85F5D-2B74-4C58-9262-59C17836A0D5}.Debug|Any CPU.Build.0 = Debug|Any CPU
		{49F85F5D-2B74-4C58-9262-59C17836A0D5}.Debug|Any CPU.Deploy.0 = Debug|Any CPU
		{49F85F5D-2B74-4C58-9262-59C17836A0D5}.Debug|ARM.ActiveCfg = Debug|Any CPU
		{49F85F5D-2B74-4C58-9262-59C17836A0D5}.Debug|ARM.Build.0 = Debug|Any CPU
		{49F85F5D-2B74-4C58-9262-59C17836A0D5}.Debug|ARM.Deploy.0 = Debug|Any CPU
		{49F85F5D-2B74-4C58-9262-59C17836A0D5}.Debug|iPhone.ActiveCfg = Debug|Any CPU
		{49F85F5D-2B74-4C58-9262-59C17836A0D5}.Debug|iPhone.Build.0 = Debug|Any CPU
		{49F85F5D-2B74-4C58-9262-59C17836A0D5}.Debug|iPhone.Deploy.0 = Debug|Any CPU
		{49F85F5D-2B74-4C58-9262-59C17836A0D5}.Debug|iPhoneSimulator.ActiveCfg = Debug|Any CPU
		{49F85F5D-2B74-4C58-9262-59C17836A0D5}.Debug|iPhoneSimulator.Build.0 = Debug|Any CPU
		{49F85F5D-2B74-4C58-9262-59C17836A0D5}.Debug|iPhoneSimulator.Deploy.0 = Debug|Any CPU
		{49F85F5D-2B74-4C58-9262-59C17836A0D5}.Debug|x64.ActiveCfg = Debug|Any CPU
		{49F85F5D-2B74-4C58-9262-59C17836A0D5}.Debug|x64.Build.0 = Debug|Any CPU
		{49F85F5D-2B74-4C58-9262-59C17836A0D5}.Debug|x64.Deploy.0 = Debug|Any CPU
		{49F85F5D-2B74-4C58-9262-59C17836A0D5}.Debug|x86.ActiveCfg = Debug|Any CPU
		{49F85F5D-2B74-4C58-9262-59C17836A0D5}.Debug|x86.Build.0 = Debug|Any CPU
		{49F85F5D-2B74-4C58-9262-59C17836A0D5}.Debug|x86.Deploy.0 = Debug|Any CPU
		{49F85F5D-2B74-4C58-9262-59C17836A0D5}.Release|Any CPU.ActiveCfg = Release|Any CPU
		{49F85F5D-2B74-4C58-9262-59C17836A0D5}.Release|Any CPU.Build.0 = Release|Any CPU
		{49F85F5D-2B74-4C58-9262-59C17836A0D5}.Release|Any CPU.Deploy.0 = Release|Any CPU
		{49F85F5D-2B74-4C58-9262-59C17836A0D5}.Release|ARM.ActiveCfg = Release|Any CPU
		{49F85F5D-2B74-4C58-9262-59C17836A0D5}.Release|ARM.Build.0 = Release|Any CPU
		{49F85F5D-2B74-4C58-9262-59C17836A0D5}.Release|ARM.Deploy.0 = Release|Any CPU
		{49F85F5D-2B74-4C58-9262-59C17836A0D5}.Release|iPhone.ActiveCfg = Release|Any CPU
		{49F85F5D-2B74-4C58-9262-59C17836A0D5}.Release|iPhone.Build.0 = Release|Any CPU
		{49F85F5D-2B74-4C58-9262-59C17836A0D5}.Release|iPhone.Deploy.0 = Release|Any CPU
		{49F85F5D-2B74-4C58-9262-59C17836A0D5}.Release|iPhoneSimulator.ActiveCfg = Release|Any CPU
		{49F85F5D-2B74-4C58-9262-59C17836A0D5}.Release|iPhoneSimulator.Build.0 = Release|Any CPU
		{49F85F5D-2B74-4C58-9262-59C17836A0D5}.Release|iPhoneSimulator.Deploy.0 = Release|Any CPU
		{49F85F5D-2B74-4C58-9262-59C17836A0D5}.Release|x64.ActiveCfg = Release|Any CPU
		{49F85F5D-2B74-4C58-9262-59C17836A0D5}.Release|x64.Build.0 = Release|Any CPU
		{49F85F5D-2B74-4C58-9262-59C17836A0D5}.Release|x64.Deploy.0 = Release|Any CPU
		{49F85F5D-2B74-4C58-9262-59C17836A0D5}.Release|x86.ActiveCfg = Release|Any CPU
		{49F85F5D-2B74-4C58-9262-59C17836A0D5}.Release|x86.Build.0 = Release|Any CPU
		{49F85F5D-2B74-4C58-9262-59C17836A0D5}.Release|x86.Deploy.0 = Release|Any CPU
		{2E844535-201F-4BD9-B839-AA953E7CF05D}.Ad-Hoc|Any CPU.ActiveCfg = Ad-Hoc|iPhone
		{2E844535-201F-4BD9-B839-AA953E7CF05D}.Ad-Hoc|Any CPU.Build.0 = Ad-Hoc|iPhone
		{2E844535-201F-4BD9-B839-AA953E7CF05D}.Ad-Hoc|Any CPU.Deploy.0 = Ad-Hoc|iPhone
		{2E844535-201F-4BD9-B839-AA953E7CF05D}.Ad-Hoc|ARM.ActiveCfg = Ad-Hoc|iPhone
		{2E844535-201F-4BD9-B839-AA953E7CF05D}.Ad-Hoc|ARM.Build.0 = Ad-Hoc|iPhone
		{2E844535-201F-4BD9-B839-AA953E7CF05D}.Ad-Hoc|ARM.Deploy.0 = Ad-Hoc|iPhone
		{2E844535-201F-4BD9-B839-AA953E7CF05D}.Ad-Hoc|iPhone.ActiveCfg = Ad-Hoc|iPhone
		{2E844535-201F-4BD9-B839-AA953E7CF05D}.Ad-Hoc|iPhone.Build.0 = Ad-Hoc|iPhone
		{2E844535-201F-4BD9-B839-AA953E7CF05D}.Ad-Hoc|iPhone.Deploy.0 = Ad-Hoc|iPhone
		{2E844535-201F-4BD9-B839-AA953E7CF05D}.Ad-Hoc|iPhoneSimulator.ActiveCfg = Ad-Hoc|iPhoneSimulator
		{2E844535-201F-4BD9-B839-AA953E7CF05D}.Ad-Hoc|iPhoneSimulator.Build.0 = Ad-Hoc|iPhoneSimulator
		{2E844535-201F-4BD9-B839-AA953E7CF05D}.Ad-Hoc|iPhoneSimulator.Deploy.0 = Ad-Hoc|iPhoneSimulator
		{2E844535-201F-4BD9-B839-AA953E7CF05D}.Ad-Hoc|x64.ActiveCfg = Ad-Hoc|iPhone
		{2E844535-201F-4BD9-B839-AA953E7CF05D}.Ad-Hoc|x64.Build.0 = Ad-Hoc|iPhone
		{2E844535-201F-4BD9-B839-AA953E7CF05D}.Ad-Hoc|x64.Deploy.0 = Ad-Hoc|iPhone
		{2E844535-201F-4BD9-B839-AA953E7CF05D}.Ad-Hoc|x86.ActiveCfg = Ad-Hoc|iPhone
		{2E844535-201F-4BD9-B839-AA953E7CF05D}.Ad-Hoc|x86.Build.0 = Ad-Hoc|iPhone
		{2E844535-201F-4BD9-B839-AA953E7CF05D}.Ad-Hoc|x86.Deploy.0 = Ad-Hoc|iPhone
		{2E844535-201F-4BD9-B839-AA953E7CF05D}.AppStore|Any CPU.ActiveCfg = AppStore|iPhone
		{2E844535-201F-4BD9-B839-AA953E7CF05D}.AppStore|Any CPU.Build.0 = AppStore|iPhone
		{2E844535-201F-4BD9-B839-AA953E7CF05D}.AppStore|Any CPU.Deploy.0 = AppStore|iPhone
		{2E844535-201F-4BD9-B839-AA953E7CF05D}.AppStore|ARM.ActiveCfg = AppStore|iPhone
		{2E844535-201F-4BD9-B839-AA953E7CF05D}.AppStore|ARM.Build.0 = AppStore|iPhone
		{2E844535-201F-4BD9-B839-AA953E7CF05D}.AppStore|ARM.Deploy.0 = AppStore|iPhone
		{2E844535-201F-4BD9-B839-AA953E7CF05D}.AppStore|iPhone.ActiveCfg = AppStore|iPhone
		{2E844535-201F-4BD9-B839-AA953E7CF05D}.AppStore|iPhone.Build.0 = AppStore|iPhone
		{2E844535-201F-4BD9-B839-AA953E7CF05D}.AppStore|iPhone.Deploy.0 = AppStore|iPhone
		{2E844535-201F-4BD9-B839-AA953E7CF05D}.AppStore|iPhoneSimulator.ActiveCfg = AppStore|iPhoneSimulator
		{2E844535-201F-4BD9-B839-AA953E7CF05D}.AppStore|iPhoneSimulator.Build.0 = AppStore|iPhoneSimulator
		{2E844535-201F-4BD9-B839-AA953E7CF05D}.AppStore|iPhoneSimulator.Deploy.0 = AppStore|iPhoneSimulator
		{2E844535-201F-4BD9-B839-AA953E7CF05D}.AppStore|x64.ActiveCfg = AppStore|iPhone
		{2E844535-201F-4BD9-B839-AA953E7CF05D}.AppStore|x64.Build.0 = AppStore|iPhone
		{2E844535-201F-4BD9-B839-AA953E7CF05D}.AppStore|x64.Deploy.0 = AppStore|iPhone
		{2E844535-201F-4BD9-B839-AA953E7CF05D}.AppStore|x86.ActiveCfg = AppStore|iPhone
		{2E844535-201F-4BD9-B839-AA953E7CF05D}.AppStore|x86.Build.0 = AppStore|iPhone
		{2E844535-201F-4BD9-B839-AA953E7CF05D}.AppStore|x86.Deploy.0 = AppStore|iPhone
		{2E844535-201F-4BD9-B839-AA953E7CF05D}.Debug|Any CPU.ActiveCfg = Debug|iPhoneSimulator
		{2E844535-201F-4BD9-B839-AA953E7CF05D}.Debug|Any CPU.Build.0 = Debug|iPhoneSimulator
		{2E844535-201F-4BD9-B839-AA953E7CF05D}.Debug|Any CPU.Deploy.0 = Debug|iPhoneSimulator
		{2E844535-201F-4BD9-B839-AA953E7CF05D}.Debug|ARM.ActiveCfg = Debug|iPhone
		{2E844535-201F-4BD9-B839-AA953E7CF05D}.Debug|ARM.Build.0 = Debug|iPhone
		{2E844535-201F-4BD9-B839-AA953E7CF05D}.Debug|ARM.Deploy.0 = Debug|iPhone
		{2E844535-201F-4BD9-B839-AA953E7CF05D}.Debug|iPhone.ActiveCfg = Debug|iPhone
		{2E844535-201F-4BD9-B839-AA953E7CF05D}.Debug|iPhone.Build.0 = Debug|iPhone
		{2E844535-201F-4BD9-B839-AA953E7CF05D}.Debug|iPhone.Deploy.0 = Debug|iPhone
		{2E844535-201F-4BD9-B839-AA953E7CF05D}.Debug|iPhoneSimulator.ActiveCfg = Debug|iPhoneSimulator
		{2E844535-201F-4BD9-B839-AA953E7CF05D}.Debug|iPhoneSimulator.Build.0 = Debug|iPhoneSimulator
		{2E844535-201F-4BD9-B839-AA953E7CF05D}.Debug|iPhoneSimulator.Deploy.0 = Debug|iPhoneSimulator
		{2E844535-201F-4BD9-B839-AA953E7CF05D}.Debug|x64.ActiveCfg = Debug|iPhone
		{2E844535-201F-4BD9-B839-AA953E7CF05D}.Debug|x64.Build.0 = Debug|iPhone
		{2E844535-201F-4BD9-B839-AA953E7CF05D}.Debug|x64.Deploy.0 = Debug|iPhone
		{2E844535-201F-4BD9-B839-AA953E7CF05D}.Debug|x86.ActiveCfg = Debug|iPhone
		{2E844535-201F-4BD9-B839-AA953E7CF05D}.Debug|x86.Build.0 = Debug|iPhone
		{2E844535-201F-4BD9-B839-AA953E7CF05D}.Debug|x86.Deploy.0 = Debug|iPhone
		{2E844535-201F-4BD9-B839-AA953E7CF05D}.Release|Any CPU.ActiveCfg = Release|iPhone
		{2E844535-201F-4BD9-B839-AA953E7CF05D}.Release|Any CPU.Build.0 = Release|iPhone
		{2E844535-201F-4BD9-B839-AA953E7CF05D}.Release|Any CPU.Deploy.0 = Release|iPhone
		{2E844535-201F-4BD9-B839-AA953E7CF05D}.Release|ARM.ActiveCfg = Release|iPhone
		{2E844535-201F-4BD9-B839-AA953E7CF05D}.Release|ARM.Build.0 = Release|iPhone
		{2E844535-201F-4BD9-B839-AA953E7CF05D}.Release|ARM.Deploy.0 = Release|iPhone
		{2E844535-201F-4BD9-B839-AA953E7CF05D}.Release|iPhone.ActiveCfg = Release|iPhone
		{2E844535-201F-4BD9-B839-AA953E7CF05D}.Release|iPhone.Build.0 = Release|iPhone
		{2E844535-201F-4BD9-B839-AA953E7CF05D}.Release|iPhone.Deploy.0 = Release|iPhone
		{2E844535-201F-4BD9-B839-AA953E7CF05D}.Release|iPhoneSimulator.ActiveCfg = Release|iPhoneSimulator
		{2E844535-201F-4BD9-B839-AA953E7CF05D}.Release|iPhoneSimulator.Build.0 = Release|iPhoneSimulator
		{2E844535-201F-4BD9-B839-AA953E7CF05D}.Release|iPhoneSimulator.Deploy.0 = Release|iPhoneSimulator
		{2E844535-201F-4BD9-B839-AA953E7CF05D}.Release|x64.ActiveCfg = Release|iPhone
		{2E844535-201F-4BD9-B839-AA953E7CF05D}.Release|x64.Build.0 = Release|iPhone
		{2E844535-201F-4BD9-B839-AA953E7CF05D}.Release|x64.Deploy.0 = Release|iPhone
		{2E844535-201F-4BD9-B839-AA953E7CF05D}.Release|x86.ActiveCfg = Release|iPhone
		{2E844535-201F-4BD9-B839-AA953E7CF05D}.Release|x86.Build.0 = Release|iPhone
		{2E844535-201F-4BD9-B839-AA953E7CF05D}.Release|x86.Deploy.0 = Release|iPhone
		{CA75AFB5-59CD-4E83-AF60-614ECE2654DC}.Ad-Hoc|Any CPU.ActiveCfg = Release|x86
		{CA75AFB5-59CD-4E83-AF60-614ECE2654DC}.Ad-Hoc|Any CPU.Build.0 = Release|x86
		{CA75AFB5-59CD-4E83-AF60-614ECE2654DC}.Ad-Hoc|Any CPU.Deploy.0 = Release|x86
		{CA75AFB5-59CD-4E83-AF60-614ECE2654DC}.Ad-Hoc|ARM.ActiveCfg = Release|ARM
		{CA75AFB5-59CD-4E83-AF60-614ECE2654DC}.Ad-Hoc|ARM.Build.0 = Release|ARM
		{CA75AFB5-59CD-4E83-AF60-614ECE2654DC}.Ad-Hoc|ARM.Deploy.0 = Release|ARM
		{CA75AFB5-59CD-4E83-AF60-614ECE2654DC}.Ad-Hoc|iPhone.ActiveCfg = Release|x86
		{CA75AFB5-59CD-4E83-AF60-614ECE2654DC}.Ad-Hoc|iPhone.Build.0 = Release|x86
		{CA75AFB5-59CD-4E83-AF60-614ECE2654DC}.Ad-Hoc|iPhone.Deploy.0 = Release|x86
		{CA75AFB5-59CD-4E83-AF60-614ECE2654DC}.Ad-Hoc|iPhoneSimulator.ActiveCfg = Release|x86
		{CA75AFB5-59CD-4E83-AF60-614ECE2654DC}.Ad-Hoc|iPhoneSimulator.Build.0 = Release|x86
		{CA75AFB5-59CD-4E83-AF60-614ECE2654DC}.Ad-Hoc|iPhoneSimulator.Deploy.0 = Release|x86
		{CA75AFB5-59CD-4E83-AF60-614ECE2654DC}.Ad-Hoc|x64.ActiveCfg = Release|x64
		{CA75AFB5-59CD-4E83-AF60-614ECE2654DC}.Ad-Hoc|x64.Build.0 = Release|x64
		{CA75AFB5-59CD-4E83-AF60-614ECE2654DC}.Ad-Hoc|x64.Deploy.0 = Release|x64
		{CA75AFB5-59CD-4E83-AF60-614ECE2654DC}.Ad-Hoc|x86.ActiveCfg = Release|x86
		{CA75AFB5-59CD-4E83-AF60-614ECE2654DC}.Ad-Hoc|x86.Build.0 = Release|x86
		{CA75AFB5-59CD-4E83-AF60-614ECE2654DC}.Ad-Hoc|x86.Deploy.0 = Release|x86
		{CA75AFB5-59CD-4E83-AF60-614ECE2654DC}.AppStore|Any CPU.ActiveCfg = Release|x86
		{CA75AFB5-59CD-4E83-AF60-614ECE2654DC}.AppStore|Any CPU.Build.0 = Release|x86
		{CA75AFB5-59CD-4E83-AF60-614ECE2654DC}.AppStore|Any CPU.Deploy.0 = Release|x86
		{CA75AFB5-59CD-4E83-AF60-614ECE2654DC}.AppStore|ARM.ActiveCfg = Release|ARM
		{CA75AFB5-59CD-4E83-AF60-614ECE2654DC}.AppStore|ARM.Build.0 = Release|ARM
		{CA75AFB5-59CD-4E83-AF60-614ECE2654DC}.AppStore|ARM.Deploy.0 = Release|ARM
		{CA75AFB5-59CD-4E83-AF60-614ECE2654DC}.AppStore|iPhone.ActiveCfg = Release|x86
		{CA75AFB5-59CD-4E83-AF60-614ECE2654DC}.AppStore|iPhone.Build.0 = Release|x86
		{CA75AFB5-59CD-4E83-AF60-614ECE2654DC}.AppStore|iPhone.Deploy.0 = Release|x86
		{CA75AFB5-59CD-4E83-AF60-614ECE2654DC}.AppStore|iPhoneSimulator.ActiveCfg = Release|x86
		{CA75AFB5-59CD-4E83-AF60-614ECE2654DC}.AppStore|iPhoneSimulator.Build.0 = Release|x86
		{CA75AFB5-59CD-4E83-AF60-614ECE2654DC}.AppStore|iPhoneSimulator.Deploy.0 = Release|x86
		{CA75AFB5-59CD-4E83-AF60-614ECE2654DC}.AppStore|x64.ActiveCfg = Release|x64
		{CA75AFB5-59CD-4E83-AF60-614ECE2654DC}.AppStore|x64.Build.0 = Release|x64
		{CA75AFB5-59CD-4E83-AF60-614ECE2654DC}.AppStore|x64.Deploy.0 = Release|x64
		{CA75AFB5-59CD-4E83-AF60-614ECE2654DC}.AppStore|x86.ActiveCfg = Release|x86
		{CA75AFB5-59CD-4E83-AF60-614ECE2654DC}.AppStore|x86.Build.0 = Release|x86
		{CA75AFB5-59CD-4E83-AF60-614ECE2654DC}.AppStore|x86.Deploy.0 = Release|x86
		{CA75AFB5-59CD-4E83-AF60-614ECE2654DC}.Debug|Any CPU.ActiveCfg = Debug|x86
		{CA75AFB5-59CD-4E83-AF60-614ECE2654DC}.Debug|Any CPU.Build.0 = Debug|x86
		{CA75AFB5-59CD-4E83-AF60-614ECE2654DC}.Debug|Any CPU.Deploy.0 = Debug|x86
		{CA75AFB5-59CD-4E83-AF60-614ECE2654DC}.Debug|ARM.ActiveCfg = Debug|ARM
		{CA75AFB5-59CD-4E83-AF60-614ECE2654DC}.Debug|ARM.Build.0 = Debug|ARM
		{CA75AFB5-59CD-4E83-AF60-614ECE2654DC}.Debug|ARM.Deploy.0 = Debug|ARM
		{CA75AFB5-59CD-4E83-AF60-614ECE2654DC}.Debug|iPhone.ActiveCfg = Debug|x86
		{CA75AFB5-59CD-4E83-AF60-614ECE2654DC}.Debug|iPhone.Build.0 = Debug|x86
		{CA75AFB5-59CD-4E83-AF60-614ECE2654DC}.Debug|iPhone.Deploy.0 = Debug|x86
		{CA75AFB5-59CD-4E83-AF60-614ECE2654DC}.Debug|iPhoneSimulator.ActiveCfg = Debug|x86
		{CA75AFB5-59CD-4E83-AF60-614ECE2654DC}.Debug|iPhoneSimulator.Build.0 = Debug|x86
		{CA75AFB5-59CD-4E83-AF60-614ECE2654DC}.Debug|iPhoneSimulator.Deploy.0 = Debug|x86
		{CA75AFB5-59CD-4E83-AF60-614ECE2654DC}.Debug|x64.ActiveCfg = Debug|x64
		{CA75AFB5-59CD-4E83-AF60-614ECE2654DC}.Debug|x64.Build.0 = Debug|x64
		{CA75AFB5-59CD-4E83-AF60-614ECE2654DC}.Debug|x64.Deploy.0 = Debug|x64
		{CA75AFB5-59CD-4E83-AF60-614ECE2654DC}.Debug|x86.ActiveCfg = Debug|x86
		{CA75AFB5-59CD-4E83-AF60-614ECE2654DC}.Debug|x86.Build.0 = Debug|x86
		{CA75AFB5-59CD-4E83-AF60-614ECE2654DC}.Debug|x86.Deploy.0 = Debug|x86
		{CA75AFB5-59CD-4E83-AF60-614ECE2654DC}.Release|Any CPU.ActiveCfg = Release|x86
		{CA75AFB5-59CD-4E83-AF60-614ECE2654DC}.Release|Any CPU.Build.0 = Release|x86
		{CA75AFB5-59CD-4E83-AF60-614ECE2654DC}.Release|Any CPU.Deploy.0 = Release|x86
		{CA75AFB5-59CD-4E83-AF60-614ECE2654DC}.Release|ARM.ActiveCfg = Release|ARM
		{CA75AFB5-59CD-4E83-AF60-614ECE2654DC}.Release|ARM.Build.0 = Release|ARM
		{CA75AFB5-59CD-4E83-AF60-614ECE2654DC}.Release|ARM.Deploy.0 = Release|ARM
		{CA75AFB5-59CD-4E83-AF60-614ECE2654DC}.Release|iPhone.ActiveCfg = Release|x86
		{CA75AFB5-59CD-4E83-AF60-614ECE2654DC}.Release|iPhone.Build.0 = Release|x86
		{CA75AFB5-59CD-4E83-AF60-614ECE2654DC}.Release|iPhone.Deploy.0 = Release|x86
		{CA75AFB5-59CD-4E83-AF60-614ECE2654DC}.Release|iPhoneSimulator.ActiveCfg = Release|x86
		{CA75AFB5-59CD-4E83-AF60-614ECE2654DC}.Release|iPhoneSimulator.Build.0 = Release|x86
		{CA75AFB5-59CD-4E83-AF60-614ECE2654DC}.Release|iPhoneSimulator.Deploy.0 = Release|x86
		{CA75AFB5-59CD-4E83-AF60-614ECE2654DC}.Release|x64.ActiveCfg = Release|x64
		{CA75AFB5-59CD-4E83-AF60-614ECE2654DC}.Release|x64.Build.0 = Release|x64
		{CA75AFB5-59CD-4E83-AF60-614ECE2654DC}.Release|x64.Deploy.0 = Release|x64
		{CA75AFB5-59CD-4E83-AF60-614ECE2654DC}.Release|x86.ActiveCfg = Release|x86
		{CA75AFB5-59CD-4E83-AF60-614ECE2654DC}.Release|x86.Build.0 = Release|x86
		{CA75AFB5-59CD-4E83-AF60-614ECE2654DC}.Release|x86.Deploy.0 = Release|x86
		{7595751A-7D2F-4412-82FE-B5A2458F0F21}.Ad-Hoc|Any CPU.ActiveCfg = Debug|Any CPU
		{7595751A-7D2F-4412-82FE-B5A2458F0F21}.Ad-Hoc|Any CPU.Build.0 = Debug|Any CPU
		{7595751A-7D2F-4412-82FE-B5A2458F0F21}.Ad-Hoc|Any CPU.Deploy.0 = Debug|Any CPU
		{7595751A-7D2F-4412-82FE-B5A2458F0F21}.Ad-Hoc|ARM.ActiveCfg = Debug|Any CPU
		{7595751A-7D2F-4412-82FE-B5A2458F0F21}.Ad-Hoc|ARM.Build.0 = Debug|Any CPU
		{7595751A-7D2F-4412-82FE-B5A2458F0F21}.Ad-Hoc|ARM.Deploy.0 = Debug|Any CPU
		{7595751A-7D2F-4412-82FE-B5A2458F0F21}.Ad-Hoc|iPhone.ActiveCfg = Debug|Any CPU
		{7595751A-7D2F-4412-82FE-B5A2458F0F21}.Ad-Hoc|iPhone.Build.0 = Debug|Any CPU
		{7595751A-7D2F-4412-82FE-B5A2458F0F21}.Ad-Hoc|iPhone.Deploy.0 = Debug|Any CPU
		{7595751A-7D2F-4412-82FE-B5A2458F0F21}.Ad-Hoc|iPhoneSimulator.ActiveCfg = Debug|Any CPU
		{7595751A-7D2F-4412-82FE-B5A2458F0F21}.Ad-Hoc|iPhoneSimulator.Build.0 = Debug|Any CPU
		{7595751A-7D2F-4412-82FE-B5A2458F0F21}.Ad-Hoc|iPhoneSimulator.Deploy.0 = Debug|Any CPU
		{7595751A-7D2F-4412-82FE-B5A2458F0F21}.Ad-Hoc|x64.ActiveCfg = Debug|Any CPU
		{7595751A-7D2F-4412-82FE-B5A2458F0F21}.Ad-Hoc|x64.Build.0 = Debug|Any CPU
		{7595751A-7D2F-4412-82FE-B5A2458F0F21}.Ad-Hoc|x64.Deploy.0 = Debug|Any CPU
		{7595751A-7D2F-4412-82FE-B5A2458F0F21}.Ad-Hoc|x86.ActiveCfg = Debug|Any CPU
		{7595751A-7D2F-4412-82FE-B5A2458F0F21}.Ad-Hoc|x86.Build.0 = Debug|Any CPU
		{7595751A-7D2F-4412-82FE-B5A2458F0F21}.Ad-Hoc|x86.Deploy.0 = Debug|Any CPU
		{7595751A-7D2F-4412-82FE-B5A2458F0F21}.AppStore|Any CPU.ActiveCfg = Debug|Any CPU
		{7595751A-7D2F-4412-82FE-B5A2458F0F21}.AppStore|Any CPU.Build.0 = Debug|Any CPU
		{7595751A-7D2F-4412-82FE-B5A2458F0F21}.AppStore|Any CPU.Deploy.0 = Debug|Any CPU
		{7595751A-7D2F-4412-82FE-B5A2458F0F21}.AppStore|ARM.ActiveCfg = Debug|Any CPU
		{7595751A-7D2F-4412-82FE-B5A2458F0F21}.AppStore|ARM.Build.0 = Debug|Any CPU
		{7595751A-7D2F-4412-82FE-B5A2458F0F21}.AppStore|ARM.Deploy.0 = Debug|Any CPU
		{7595751A-7D2F-4412-82FE-B5A2458F0F21}.AppStore|iPhone.ActiveCfg = Debug|Any CPU
		{7595751A-7D2F-4412-82FE-B5A2458F0F21}.AppStore|iPhone.Build.0 = Debug|Any CPU
		{7595751A-7D2F-4412-82FE-B5A2458F0F21}.AppStore|iPhone.Deploy.0 = Debug|Any CPU
		{7595751A-7D2F-4412-82FE-B5A2458F0F21}.AppStore|iPhoneSimulator.ActiveCfg = Debug|Any CPU
		{7595751A-7D2F-4412-82FE-B5A2458F0F21}.AppStore|iPhoneSimulator.Build.0 = Debug|Any CPU
		{7595751A-7D2F-4412-82FE-B5A2458F0F21}.AppStore|iPhoneSimulator.Deploy.0 = Debug|Any CPU
		{7595751A-7D2F-4412-82FE-B5A2458F0F21}.AppStore|x64.ActiveCfg = Debug|Any CPU
		{7595751A-7D2F-4412-82FE-B5A2458F0F21}.AppStore|x64.Build.0 = Debug|Any CPU
		{7595751A-7D2F-4412-82FE-B5A2458F0F21}.AppStore|x64.Deploy.0 = Debug|Any CPU
		{7595751A-7D2F-4412-82FE-B5A2458F0F21}.AppStore|x86.ActiveCfg = Debug|Any CPU
		{7595751A-7D2F-4412-82FE-B5A2458F0F21}.AppStore|x86.Build.0 = Debug|Any CPU
		{7595751A-7D2F-4412-82FE-B5A2458F0F21}.AppStore|x86.Deploy.0 = Debug|Any CPU
		{7595751A-7D2F-4412-82FE-B5A2458F0F21}.Debug|Any CPU.ActiveCfg = Debug|Any CPU
		{7595751A-7D2F-4412-82FE-B5A2458F0F21}.Debug|Any CPU.Build.0 = Debug|Any CPU
		{7595751A-7D2F-4412-82FE-B5A2458F0F21}.Debug|Any CPU.Deploy.0 = Debug|Any CPU
		{7595751A-7D2F-4412-82FE-B5A2458F0F21}.Debug|ARM.ActiveCfg = Debug|Any CPU
		{7595751A-7D2F-4412-82FE-B5A2458F0F21}.Debug|ARM.Build.0 = Debug|Any CPU
		{7595751A-7D2F-4412-82FE-B5A2458F0F21}.Debug|ARM.Deploy.0 = Debug|Any CPU
		{7595751A-7D2F-4412-82FE-B5A2458F0F21}.Debug|iPhone.ActiveCfg = Debug|Any CPU
		{7595751A-7D2F-4412-82FE-B5A2458F0F21}.Debug|iPhone.Build.0 = Debug|Any CPU
		{7595751A-7D2F-4412-82FE-B5A2458F0F21}.Debug|iPhone.Deploy.0 = Debug|Any CPU
		{7595751A-7D2F-4412-82FE-B5A2458F0F21}.Debug|iPhoneSimulator.ActiveCfg = Debug|Any CPU
		{7595751A-7D2F-4412-82FE-B5A2458F0F21}.Debug|iPhoneSimulator.Build.0 = Debug|Any CPU
		{7595751A-7D2F-4412-82FE-B5A2458F0F21}.Debug|iPhoneSimulator.Deploy.0 = Debug|Any CPU
		{7595751A-7D2F-4412-82FE-B5A2458F0F21}.Debug|x64.ActiveCfg = Debug|Any CPU
		{7595751A-7D2F-4412-82FE-B5A2458F0F21}.Debug|x64.Build.0 = Debug|Any CPU
		{7595751A-7D2F-4412-82FE-B5A2458F0F21}.Debug|x64.Deploy.0 = Debug|Any CPU
		{7595751A-7D2F-4412-82FE-B5A2458F0F21}.Debug|x86.ActiveCfg = Debug|Any CPU
		{7595751A-7D2F-4412-82FE-B5A2458F0F21}.Debug|x86.Build.0 = Debug|Any CPU
		{7595751A-7D2F-4412-82FE-B5A2458F0F21}.Debug|x86.Deploy.0 = Debug|Any CPU
		{7595751A-7D2F-4412-82FE-B5A2458F0F21}.Release|Any CPU.ActiveCfg = Release|Any CPU
		{7595751A-7D2F-4412-82FE-B5A2458F0F21}.Release|Any CPU.Build.0 = Release|Any CPU
		{7595751A-7D2F-4412-82FE-B5A2458F0F21}.Release|Any CPU.Deploy.0 = Release|Any CPU
		{7595751A-7D2F-4412-82FE-B5A2458F0F21}.Release|ARM.ActiveCfg = Release|Any CPU
		{7595751A-7D2F-4412-82FE-B5A2458F0F21}.Release|ARM.Build.0 = Release|Any CPU
		{7595751A-7D2F-4412-82FE-B5A2458F0F21}.Release|ARM.Deploy.0 = Release|Any CPU
		{7595751A-7D2F-4412-82FE-B5A2458F0F21}.Release|iPhone.ActiveCfg = Release|Any CPU
		{7595751A-7D2F-4412-82FE-B5A2458F0F21}.Release|iPhone.Build.0 = Release|Any CPU
		{7595751A-7D2F-4412-82FE-B5A2458F0F21}.Release|iPhone.Deploy.0 = Release|Any CPU
		{7595751A-7D2F-4412-82FE-B5A2458F0F21}.Release|iPhoneSimulator.ActiveCfg = Release|Any CPU
		{7595751A-7D2F-4412-82FE-B5A2458F0F21}.Release|iPhoneSimulator.Build.0 = Release|Any CPU
		{7595751A-7D2F-4412-82FE-B5A2458F0F21}.Release|iPhoneSimulator.Deploy.0 = Release|Any CPU
		{7595751A-7D2F-4412-82FE-B5A2458F0F21}.Release|x64.ActiveCfg = Release|Any CPU
		{7595751A-7D2F-4412-82FE-B5A2458F0F21}.Release|x64.Build.0 = Release|Any CPU
		{7595751A-7D2F-4412-82FE-B5A2458F0F21}.Release|x64.Deploy.0 = Release|Any CPU
		{7595751A-7D2F-4412-82FE-B5A2458F0F21}.Release|x86.ActiveCfg = Release|Any CPU
		{7595751A-7D2F-4412-82FE-B5A2458F0F21}.Release|x86.Build.0 = Release|Any CPU
		{7595751A-7D2F-4412-82FE-B5A2458F0F21}.Release|x86.Deploy.0 = Release|Any CPU
	EndGlobalSection
	GlobalSection(SolutionProperties) = preSolution
		HideSolutionNode = FALSE
	EndGlobalSection
	GlobalSection(ExtensibilityGlobals) = postSolution
		SolutionGuid = {A4A68B03-9F84-4CB6-A73F-225255D25C63}
	EndGlobalSection
EndGlobal
